
Microsoft Visual Studio Solution File, Format Version 12.00
Project("{FAE04EC0-301F-11D3-BF4B-00C04F79EFBC}") = "ApiGateway", "ApiGateway.csproj", "{D48FD3C2-0C25-4B10-A38D-7A52D0706B0F}"
EndProject
Global
	GlobalSection(SolutionConfigurationPlatforms) = preSolution
		Debug|Any CPU = Debug|Any CPU
		Release|Any CPU = Release|Any CPU
	EndGlobalSection
	GlobalSection(ProjectConfigurationPlatforms) = postSolution
		{D48FD3C2-0C25-4B10-A38D-7A52D0706B0F}.Debug|Any CPU.ActiveCfg = Debug|Any CPU
		{D48FD3C2-0C25-4B10-A38D-7A52D0706B0F}.Debug|Any CPU.Build.0 = Debug|Any CPU
		{D48FD3C2-0C25-4B10-A38D-7A52D0706B0F}.Release|Any CPU.ActiveCfg = Release|Any CPU
		{D48FD3C2-0C25-4B10-A38D-7A52D0706B0F}.Release|Any CPU.Build.0 = Release|Any CPU
	EndGlobalSection
EndGlobal
